
Microsoft Visual Studio Solution File, Format Version 12.00
# Visual Studio Version 16
VisualStudioVersion = 16.0.29806.167
MinimumVisualStudioVersion = 10.0.40219.1
Project("{9A19103F-16F7-4668-BE54-9A1E7A4F7556}") = "Goober.Core", "Goober.Core\Goober.Core.csproj", "{DAF9822F-63F5-46F8-86AD-02248C50B308}"
EndProject
Project("{9A19103F-16F7-4668-BE54-9A1E7A4F7556}") = "Goober.Http", "Goober.Http\Goober.Http.csproj", "{725A52CC-7B2D-46CA-BC91-8986E35E17B4}"
EndProject
Project("{9A19103F-16F7-4668-BE54-9A1E7A4F7556}") = "Goober.Caching.Abstractions", "Goober.Caching.Abstractions\Goober.Caching.Abstractions.csproj", "{44720B53-7A42-474F-81F4-8BA9C65A0F5F}"
EndProject
Project("{9A19103F-16F7-4668-BE54-9A1E7A4F7556}") = "Goober.Caching", "Goober.Caching\Goober.Caching.csproj", "{399BCD84-8E53-45AC-BF7C-93BF3E4D5F5D}"
EndProject
Project("{9A19103F-16F7-4668-BE54-9A1E7A4F7556}") = "Goober.Http.Abstractions", "Goober.Http.Abstractions\Goober.Http.Abstractions.csproj", "{8593F99E-E47F-4044-A499-CC40C5438920}"
EndProject
Global
	GlobalSection(SolutionConfigurationPlatforms) = preSolution
		Debug|Any CPU = Debug|Any CPU
		Release|Any CPU = Release|Any CPU
	EndGlobalSection
	GlobalSection(ProjectConfigurationPlatforms) = postSolution
		{DAF9822F-63F5-46F8-86AD-02248C50B308}.Debug|Any CPU.ActiveCfg = Debug|Any CPU
		{DAF9822F-63F5-46F8-86AD-02248C50B308}.Debug|Any CPU.Build.0 = Debug|Any CPU
		{DAF9822F-63F5-46F8-86AD-02248C50B308}.Release|Any CPU.ActiveCfg = Release|Any CPU
		{DAF9822F-63F5-46F8-86AD-02248C50B308}.Release|Any CPU.Build.0 = Release|Any CPU
		{725A52CC-7B2D-46CA-BC91-8986E35E17B4}.Debug|Any CPU.ActiveCfg = Debug|Any CPU
		{725A52CC-7B2D-46CA-BC91-8986E35E17B4}.Debug|Any CPU.Build.0 = Debug|Any CPU
		{725A52CC-7B2D-46CA-BC91-8986E35E17B4}.Release|Any CPU.ActiveCfg = Release|Any CPU
		{725A52CC-7B2D-46CA-BC91-8986E35E17B4}.Release|Any CPU.Build.0 = Release|Any CPU
		{44720B53-7A42-474F-81F4-8BA9C65A0F5F}.Debug|Any CPU.ActiveCfg = Debug|Any CPU
		{44720B53-7A42-474F-81F4-8BA9C65A0F5F}.Debug|Any CPU.Build.0 = Debug|Any CPU
		{44720B53-7A42-474F-81F4-8BA9C65A0F5F}.Release|Any CPU.ActiveCfg = Release|Any CPU
		{44720B53-7A42-474F-81F4-8BA9C65A0F5F}.Release|Any CPU.Build.0 = Release|Any CPU
		{399BCD84-8E53-45AC-BF7C-93BF3E4D5F5D}.Debug|Any CPU.ActiveCfg = Debug|Any CPU
		{399BCD84-8E53-45AC-BF7C-93BF3E4D5F5D}.Debug|Any CPU.Build.0 = Debug|Any CPU
		{399BCD84-8E53-45AC-BF7C-93BF3E4D5F5D}.Release|Any CPU.ActiveCfg = Release|Any CPU
		{399BCD84-8E53-45AC-BF7C-93BF3E4D5F5D}.Release|Any CPU.Build.0 = Release|Any CPU
		{8593F99E-E47F-4044-A499-CC40C5438920}.Debug|Any CPU.ActiveCfg = Debug|Any CPU
		{8593F99E-E47F-4044-A499-CC40C5438920}.Debug|Any CPU.Build.0 = Debug|Any CPU
		{8593F99E-E47F-4044-A499-CC40C5438920}.Release|Any CPU.ActiveCfg = Release|Any CPU
		{8593F99E-E47F-4044-A499-CC40C5438920}.Release|Any CPU.Build.0 = Release|Any CPU
	EndGlobalSection
	GlobalSection(SolutionProperties) = preSolution
		HideSolutionNode = FALSE
	EndGlobalSection
	GlobalSection(ExtensibilityGlobals) = postSolution
		SolutionGuid = {60811329-F832-43E8-A253-6783ADFE5C0D}
	EndGlobalSection
EndGlobal
